
Microsoft Visual Studio Solution File, Format Version 12.00
# Visual Studio 15
VisualStudioVersion = 15.0.27130.2024
MinimumVisualStudioVersion = 10.0.40219.1
Project("{FAE04EC0-301F-11D3-BF4B-00C04F79EFBC}") = "RecAmandaMobi.Android", "RecAmandaMobi\RecAmandaMobi.Android\RecAmandaMobi.Android.csproj", "{714FD1D5-3315-4DFB-96D8-B70DF4316136}"
EndProject
Project("{FAE04EC0-301F-11D3-BF4B-00C04F79EFBC}") = "RecAmandaMobi.iOS", "RecAmandaMobi\RecAmandaMobi.iOS\RecAmandaMobi.iOS.csproj", "{7E49D21A-6614-4562-89A6-7CD5208B3929}"
EndProject
Project("{FAE04EC0-301F-11D3-BF4B-00C04F79EFBC}") = "RecAmandaMobi.UWP", "RecAmandaMobi\RecAmandaMobi.UWP\RecAmandaMobi.UWP.csproj", "{4C900FCE-6AAA-4B3E-8DF3-9BFE235CDB3B}"
EndProject
Project("{FAE04EC0-301F-11D3-BF4B-00C04F79EFBC}") = "RecAmandaMobi", "RecAmandaMobi\RecAmandaMobi\RecAmandaMobi.csproj", "{F6D45CCA-0622-459D-A588-2DBBF3CA3CBF}"
EndProject
Global
	GlobalSection(SolutionConfigurationPlatforms) = preSolution
		Ad-Hoc|Any CPU = Ad-Hoc|Any CPU
		Ad-Hoc|ARM = Ad-Hoc|ARM
		Ad-Hoc|iPhone = Ad-Hoc|iPhone
		Ad-Hoc|iPhoneSimulator = Ad-Hoc|iPhoneSimulator
		Ad-Hoc|x64 = Ad-Hoc|x64
		Ad-Hoc|x86 = Ad-Hoc|x86
		AppStore|Any CPU = AppStore|Any CPU
		AppStore|ARM = AppStore|ARM
		AppStore|iPhone = AppStore|iPhone
		AppStore|iPhoneSimulator = AppStore|iPhoneSimulator
		AppStore|x64 = AppStore|x64
		AppStore|x86 = AppStore|x86
		Debug|Any CPU = Debug|Any CPU
		Debug|ARM = Debug|ARM
		Debug|iPhone = Debug|iPhone
		Debug|iPhoneSimulator = Debug|iPhoneSimulator
		Debug|x64 = Debug|x64
		Debug|x86 = Debug|x86
		Release|Any CPU = Release|Any CPU
		Release|ARM = Release|ARM
		Release|iPhone = Release|iPhone
		Release|iPhoneSimulator = Release|iPhoneSimulator
		Release|x64 = Release|x64
		Release|x86 = Release|x86
	EndGlobalSection
	GlobalSection(ProjectConfigurationPlatforms) = postSolution
		{714FD1D5-3315-4DFB-96D8-B70DF4316136}.Ad-Hoc|Any CPU.ActiveCfg = Release|Any CPU
		{714FD1D5-3315-4DFB-96D8-B70DF4316136}.Ad-Hoc|Any CPU.Build.0 = Release|Any CPU
		{714FD1D5-3315-4DFB-96D8-B70DF4316136}.Ad-Hoc|Any CPU.Deploy.0 = Release|Any CPU
		{714FD1D5-3315-4DFB-96D8-B70DF4316136}.Ad-Hoc|ARM.ActiveCfg = Release|Any CPU
		{714FD1D5-3315-4DFB-96D8-B70DF4316136}.Ad-Hoc|ARM.Build.0 = Release|Any CPU
		{714FD1D5-3315-4DFB-96D8-B70DF4316136}.Ad-Hoc|ARM.Deploy.0 = Release|Any CPU
		{714FD1D5-3315-4DFB-96D8-B70DF4316136}.Ad-Hoc|iPhone.ActiveCfg = Release|Any CPU
		{714FD1D5-3315-4DFB-96D8-B70DF4316136}.Ad-Hoc|iPhone.Build.0 = Release|Any CPU
		{714FD1D5-3315-4DFB-96D8-B70DF4316136}.Ad-Hoc|iPhone.Deploy.0 = Release|Any CPU
		{714FD1D5-3315-4DFB-96D8-B70DF4316136}.Ad-Hoc|iPhoneSimulator.ActiveCfg = Release|Any CPU
		{714FD1D5-3315-4DFB-96D8-B70DF4316136}.Ad-Hoc|iPhoneSimulator.Build.0 = Release|Any CPU
		{714FD1D5-3315-4DFB-96D8-B70DF4316136}.Ad-Hoc|iPhoneSimulator.Deploy.0 = Release|Any CPU
		{714FD1D5-3315-4DFB-96D8-B70DF4316136}.Ad-Hoc|x64.ActiveCfg = Release|Any CPU
		{714FD1D5-3315-4DFB-96D8-B70DF4316136}.Ad-Hoc|x64.Build.0 = Release|Any CPU
		{714FD1D5-3315-4DFB-96D8-B70DF4316136}.Ad-Hoc|x64.Deploy.0 = Release|Any CPU
		{714FD1D5-3315-4DFB-96D8-B70DF4316136}.Ad-Hoc|x86.ActiveCfg = Release|Any CPU
		{714FD1D5-3315-4DFB-96D8-B70DF4316136}.Ad-Hoc|x86.Build.0 = Release|Any CPU
		{714FD1D5-3315-4DFB-96D8-B70DF4316136}.Ad-Hoc|x86.Deploy.0 = Release|Any CPU
		{714FD1D5-3315-4DFB-96D8-B70DF4316136}.AppStore|Any CPU.ActiveCfg = Release|Any CPU
		{714FD1D5-3315-4DFB-96D8-B70DF4316136}.AppStore|Any CPU.Build.0 = Release|Any CPU
		{714FD1D5-3315-4DFB-96D8-B70DF4316136}.AppStore|Any CPU.Deploy.0 = Release|Any CPU
		{714FD1D5-3315-4DFB-96D8-B70DF4316136}.AppStore|ARM.ActiveCfg = Release|Any CPU
		{714FD1D5-3315-4DFB-96D8-B70DF4316136}.AppStore|ARM.Build.0 = Release|Any CPU
		{714FD1D5-3315-4DFB-96D8-B70DF4316136}.AppStore|ARM.Deploy.0 = Release|Any CPU
		{714FD1D5-3315-4DFB-96D8-B70DF4316136}.AppStore|iPhone.ActiveCfg = Release|Any CPU
		{714FD1D5-3315-4DFB-96D8-B70DF4316136}.AppStore|iPhone.Build.0 = Release|Any CPU
		{714FD1D5-3315-4DFB-96D8-B70DF4316136}.AppStore|iPhone.Deploy.0 = Release|Any CPU
		{714FD1D5-3315-4DFB-96D8-B70DF4316136}.AppStore|iPhoneSimulator.ActiveCfg = Release|Any CPU
		{714FD1D5-3315-4DFB-96D8-B70DF4316136}.AppStore|iPhoneSimulator.Build.0 = Release|Any CPU
		{714FD1D5-3315-4DFB-96D8-B70DF4316136}.AppStore|iPhoneSimulator.Deploy.0 = Release|Any CPU
		{714FD1D5-3315-4DFB-96D8-B70DF4316136}.AppStore|x64.ActiveCfg = Release|Any CPU
		{714FD1D5-3315-4DFB-96D8-B70DF4316136}.AppStore|x64.Build.0 = Release|Any CPU
		{714FD1D5-3315-4DFB-96D8-B70DF4316136}.AppStore|x64.Deploy.0 = Release|Any CPU
		{714FD1D5-3315-4DFB-96D8-B70DF4316136}.AppStore|x86.ActiveCfg = Release|Any CPU
		{714FD1D5-3315-4DFB-96D8-B70DF4316136}.AppStore|x86.Build.0 = Release|Any CPU
		{714FD1D5-3315-4DFB-96D8-B70DF4316136}.AppStore|x86.Deploy.0 = Release|Any CPU
		{714FD1D5-3315-4DFB-96D8-B70DF4316136}.Debug|Any CPU.ActiveCfg = Debug|Any CPU
		{714FD1D5-3315-4DFB-96D8-B70DF4316136}.Debug|Any CPU.Build.0 = Debug|Any CPU
		{714FD1D5-3315-4DFB-96D8-B70DF4316136}.Debug|Any CPU.Deploy.0 = Debug|Any CPU
		{714FD1D5-3315-4DFB-96D8-B70DF4316136}.Debug|ARM.ActiveCfg = Debug|Any CPU
		{714FD1D5-3315-4DFB-96D8-B70DF4316136}.Debug|ARM.Build.0 = Debug|Any CPU
		{714FD1D5-3315-4DFB-96D8-B70DF4316136}.Debug|ARM.Deploy.0 = Debug|Any CPU
		{714FD1D5-3315-4DFB-96D8-B70DF4316136}.Debug|iPhone.ActiveCfg = Debug|Any CPU
		{714FD1D5-3315-4DFB-96D8-B70DF4316136}.Debug|iPhone.Build.0 = Debug|Any CPU
		{714FD1D5-3315-4DFB-96D8-B70DF4316136}.Debug|iPhone.Deploy.0 = Debug|Any CPU
		{714FD1D5-3315-4DFB-96D8-B70DF4316136}.Debug|iPhoneSimulator.ActiveCfg = Debug|Any CPU
		{714FD1D5-3315-4DFB-96D8-B70DF4316136}.Debug|iPhoneSimulator.Build.0 = Debug|Any CPU
		{714FD1D5-3315-4DFB-96D8-B70DF4316136}.Debug|iPhoneSimulator.Deploy.0 = Debug|Any CPU
		{714FD1D5-3315-4DFB-96D8-B70DF4316136}.Debug|x64.ActiveCfg = Debug|Any CPU
		{714FD1D5-3315-4DFB-96D8-B70DF4316136}.Debug|x64.Build.0 = Debug|Any CPU
		{714FD1D5-3315-4DFB-96D8-B70DF4316136}.Debug|x64.Deploy.0 = Debug|Any CPU
		{714FD1D5-3315-4DFB-96D8-B70DF4316136}.Debug|x86.ActiveCfg = Debug|Any CPU
		{714FD1D5-3315-4DFB-96D8-B70DF4316136}.Debug|x86.Build.0 = Debug|Any CPU
		{714FD1D5-3315-4DFB-96D8-B70DF4316136}.Debug|x86.Deploy.0 = Debug|Any CPU
		{714FD1D5-3315-4DFB-96D8-B70DF4316136}.Release|Any CPU.ActiveCfg = Release|Any CPU
		{714FD1D5-3315-4DFB-96D8-B70DF4316136}.Release|Any CPU.Build.0 = Release|Any CPU
		{714FD1D5-3315-4DFB-96D8-B70DF4316136}.Release|Any CPU.Deploy.0 = Release|Any CPU
		{714FD1D5-3315-4DFB-96D8-B70DF4316136}.Release|ARM.ActiveCfg = Release|Any CPU
		{714FD1D5-3315-4DFB-96D8-B70DF4316136}.Release|ARM.Build.0 = Release|Any CPU
		{714FD1D5-3315-4DFB-96D8-B70DF4316136}.Release|ARM.Deploy.0 = Release|Any CPU
		{714FD1D5-3315-4DFB-96D8-B70DF4316136}.Release|iPhone.ActiveCfg = Release|Any CPU
		{714FD1D5-3315-4DFB-96D8-B70DF4316136}.Release|iPhone.Build.0 = Release|Any CPU
		{714FD1D5-3315-4DFB-96D8-B70DF4316136}.Release|iPhone.Deploy.0 = Release|Any CPU
		{714FD1D5-3315-4DFB-96D8-B70DF4316136}.Release|iPhoneSimulator.ActiveCfg = Release|Any CPU
		{714FD1D5-3315-4DFB-96D8-B70DF4316136}.Release|iPhoneSimulator.Build.0 = Release|Any CPU
		{714FD1D5-3315-4DFB-96D8-B70DF4316136}.Release|iPhoneSimulator.Deploy.0 = Release|Any CPU
		{714FD1D5-3315-4DFB-96D8-B70DF4316136}.Release|x64.ActiveCfg = Release|Any CPU
		{714FD1D5-3315-4DFB-96D8-B70DF4316136}.Release|x64.Build.0 = Release|Any CPU
		{714FD1D5-3315-4DFB-96D8-B70DF4316136}.Release|x64.Deploy.0 = Release|Any CPU
		{714FD1D5-3315-4DFB-96D8-B70DF4316136}.Release|x86.ActiveCfg = Release|Any CPU
		{714FD1D5-3315-4DFB-96D8-B70DF4316136}.Release|x86.Build.0 = Release|Any CPU
		{714FD1D5-3315-4DFB-96D8-B70DF4316136}.Release|x86.Deploy.0 = Release|Any CPU
		{7E49D21A-6614-4562-89A6-7CD5208B3929}.Ad-Hoc|Any CPU.ActiveCfg = Ad-Hoc|iPhone
		{7E49D21A-6614-4562-89A6-7CD5208B3929}.Ad-Hoc|ARM.ActiveCfg = Ad-Hoc|iPhone
		{7E49D21A-6614-4562-89A6-7CD5208B3929}.Ad-Hoc|iPhone.ActiveCfg = Ad-Hoc|iPhone
		{7E49D21A-6614-4562-89A6-7CD5208B3929}.Ad-Hoc|iPhone.Build.0 = Ad-Hoc|iPhone
		{7E49D21A-6614-4562-89A6-7CD5208B3929}.Ad-Hoc|iPhoneSimulator.ActiveCfg = Ad-Hoc|iPhoneSimulator
		{7E49D21A-6614-4562-89A6-7CD5208B3929}.Ad-Hoc|iPhoneSimulator.Build.0 = Ad-Hoc|iPhoneSimulator
		{7E49D21A-6614-4562-89A6-7CD5208B3929}.Ad-Hoc|x64.ActiveCfg = Ad-Hoc|iPhone
		{7E49D21A-6614-4562-89A6-7CD5208B3929}.Ad-Hoc|x86.ActiveCfg = Ad-Hoc|iPhone
		{7E49D21A-6614-4562-89A6-7CD5208B3929}.AppStore|Any CPU.ActiveCfg = AppStore|iPhone
		{7E49D21A-6614-4562-89A6-7CD5208B3929}.AppStore|ARM.ActiveCfg = AppStore|iPhone
		{7E49D21A-6614-4562-89A6-7CD5208B3929}.AppStore|iPhone.ActiveCfg = AppStore|iPhone
		{7E49D21A-6614-4562-89A6-7CD5208B3929}.AppStore|iPhone.Build.0 = AppStore|iPhone
		{7E49D21A-6614-4562-89A6-7CD5208B3929}.AppStore|iPhoneSimulator.ActiveCfg = AppStore|iPhoneSimulator
		{7E49D21A-6614-4562-89A6-7CD5208B3929}.AppStore|iPhoneSimulator.Build.0 = AppStore|iPhoneSimulator
		{7E49D21A-6614-4562-89A6-7CD5208B3929}.AppStore|x64.ActiveCfg = AppStore|iPhone
		{7E49D21A-6614-4562-89A6-7CD5208B3929}.AppStore|x86.ActiveCfg = AppStore|iPhone
		{7E49D21A-6614-4562-89A6-7CD5208B3929}.Debug|Any CPU.ActiveCfg = Debug|iPhone
		{7E49D21A-6614-4562-89A6-7CD5208B3929}.Debug|ARM.ActiveCfg = Debug|iPhone
		{7E49D21A-6614-4562-89A6-7CD5208B3929}.Debug|iPhone.ActiveCfg = Debug|iPhone
		{7E49D21A-6614-4562-89A6-7CD5208B3929}.Debug|iPhone.Build.0 = Debug|iPhone
		{7E49D21A-6614-4562-89A6-7CD5208B3929}.Debug|iPhoneSimulator.ActiveCfg = Debug|iPhoneSimulator
		{7E49D21A-6614-4562-89A6-7CD5208B3929}.Debug|iPhoneSimulator.Build.0 = Debug|iPhoneSimulator
		{7E49D21A-6614-4562-89A6-7CD5208B3929}.Debug|x64.ActiveCfg = Debug|iPhone
		{7E49D21A-6614-4562-89A6-7CD5208B3929}.Debug|x86.ActiveCfg = Debug|iPhone
		{7E49D21A-6614-4562-89A6-7CD5208B3929}.Release|Any CPU.ActiveCfg = Release|iPhone
		{7E49D21A-6614-4562-89A6-7CD5208B3929}.Release|ARM.ActiveCfg = Release|iPhone
		{7E49D21A-6614-4562-89A6-7CD5208B3929}.Release|iPhone.ActiveCfg = Release|iPhone
		{7E49D21A-6614-4562-89A6-7CD5208B3929}.Release|iPhone.Build.0 = Release|iPhone
		{7E49D21A-6614-4562-89A6-7CD5208B3929}.Release|iPhoneSimulator.ActiveCfg = Release|iPhoneSimulator
		{7E49D21A-6614-4562-89A6-7CD5208B3929}.Release|iPhoneSimulator.Build.0 = Release|iPhoneSimulator
		{7E49D21A-6614-4562-89A6-7CD5208B3929}.Release|x64.ActiveCfg = Release|iPhone
		{7E49D21A-6614-4562-89A6-7CD5208B3929}.Release|x86.ActiveCfg = Release|iPhone
		{4C900FCE-6AAA-4B3E-8DF3-9BFE235CDB3B}.Ad-Hoc|Any CPU.ActiveCfg = Release|x86
		{4C900FCE-6AAA-4B3E-8DF3-9BFE235CDB3B}.Ad-Hoc|Any CPU.Build.0 = Release|x86
		{4C900FCE-6AAA-4B3E-8DF3-9BFE235CDB3B}.Ad-Hoc|Any CPU.Deploy.0 = Release|x86
		{4C900FCE-6AAA-4B3E-8DF3-9BFE235CDB3B}.Ad-Hoc|ARM.ActiveCfg = Release|ARM
		{4C900FCE-6AAA-4B3E-8DF3-9BFE235CDB3B}.Ad-Hoc|ARM.Build.0 = Release|ARM
		{4C900FCE-6AAA-4B3E-8DF3-9BFE235CDB3B}.Ad-Hoc|ARM.Deploy.0 = Release|ARM
		{4C900FCE-6AAA-4B3E-8DF3-9BFE235CDB3B}.Ad-Hoc|iPhone.ActiveCfg = Release|x86
		{4C900FCE-6AAA-4B3E-8DF3-9BFE235CDB3B}.Ad-Hoc|iPhone.Build.0 = Release|x86
		{4C900FCE-6AAA-4B3E-8DF3-9BFE235CDB3B}.Ad-Hoc|iPhone.Deploy.0 = Release|x86
		{4C900FCE-6AAA-4B3E-8DF3-9BFE235CDB3B}.Ad-Hoc|iPhoneSimulator.ActiveCfg = Release|x86
		{4C900FCE-6AAA-4B3E-8DF3-9BFE235CDB3B}.Ad-Hoc|iPhoneSimulator.Build.0 = Release|x86
		{4C900FCE-6AAA-4B3E-8DF3-9BFE235CDB3B}.Ad-Hoc|iPhoneSimulator.Deploy.0 = Release|x86
		{4C900FCE-6AAA-4B3E-8DF3-9BFE235CDB3B}.Ad-Hoc|x64.ActiveCfg = Release|x64
		{4C900FCE-6AAA-4B3E-8DF3-9BFE235CDB3B}.Ad-Hoc|x64.Build.0 = Release|x64
		{4C900FCE-6AAA-4B3E-8DF3-9BFE235CDB3B}.Ad-Hoc|x64.Deploy.0 = Release|x64
		{4C900FCE-6AAA-4B3E-8DF3-9BFE235CDB3B}.Ad-Hoc|x86.ActiveCfg = Release|x86
		{4C900FCE-6AAA-4B3E-8DF3-9BFE235CDB3B}.Ad-Hoc|x86.Build.0 = Release|x86
		{4C900FCE-6AAA-4B3E-8DF3-9BFE235CDB3B}.Ad-Hoc|x86.Deploy.0 = Release|x86
		{4C900FCE-6AAA-4B3E-8DF3-9BFE235CDB3B}.AppStore|Any CPU.ActiveCfg = Release|x86
		{4C900FCE-6AAA-4B3E-8DF3-9BFE235CDB3B}.AppStore|Any CPU.Build.0 = Release|x86
		{4C900FCE-6AAA-4B3E-8DF3-9BFE235CDB3B}.AppStore|Any CPU.Deploy.0 = Release|x86
		{4C900FCE-6AAA-4B3E-8DF3-9BFE235CDB3B}.AppStore|ARM.ActiveCfg = Release|ARM
		{4C900FCE-6AAA-4B3E-8DF3-9BFE235CDB3B}.AppStore|ARM.Build.0 = Release|ARM
		{4C900FCE-6AAA-4B3E-8DF3-9BFE235CDB3B}.AppStore|ARM.Deploy.0 = Release|ARM
		{4C900FCE-6AAA-4B3E-8DF3-9BFE235CDB3B}.AppStore|iPhone.ActiveCfg = Release|x86
		{4C900FCE-6AAA-4B3E-8DF3-9BFE235CDB3B}.AppStore|iPhone.Build.0 = Release|x86
		{4C900FCE-6AAA-4B3E-8DF3-9BFE235CDB3B}.AppStore|iPhone.Deploy.0 = Release|x86
		{4C900FCE-6AAA-4B3E-8DF3-9BFE235CDB3B}.AppStore|iPhoneSimulator.ActiveCfg = Release|x86
		{4C900FCE-6AAA-4B3E-8DF3-9BFE235CDB3B}.AppStore|iPhoneSimulator.Build.0 = Release|x86
		{4C900FCE-6AAA-4B3E-8DF3-9BFE235CDB3B}.AppStore|iPhoneSimulator.Deploy.0 = Release|x86
		{4C900FCE-6AAA-4B3E-8DF3-9BFE235CDB3B}.AppStore|x64.ActiveCfg = Release|x64
		{4C900FCE-6AAA-4B3E-8DF3-9BFE235CDB3B}.AppStore|x64.Build.0 = Release|x64
		{4C900FCE-6AAA-4B3E-8DF3-9BFE235CDB3B}.AppStore|x64.Deploy.0 = Release|x64
		{4C900FCE-6AAA-4B3E-8DF3-9BFE235CDB3B}.AppStore|x86.ActiveCfg = Release|x86
		{4C900FCE-6AAA-4B3E-8DF3-9BFE235CDB3B}.AppStore|x86.Build.0 = Release|x86
		{4C900FCE-6AAA-4B3E-8DF3-9BFE235CDB3B}.AppStore|x86.Deploy.0 = Release|x86
		{4C900FCE-6AAA-4B3E-8DF3-9BFE235CDB3B}.Debug|Any CPU.ActiveCfg = Debug|x86
		{4C900FCE-6AAA-4B3E-8DF3-9BFE235CDB3B}.Debug|ARM.ActiveCfg = Debug|ARM
		{4C900FCE-6AAA-4B3E-8DF3-9BFE235CDB3B}.Debug|ARM.Build.0 = Debug|ARM
		{4C900FCE-6AAA-4B3E-8DF3-9BFE235CDB3B}.Debug|ARM.Deploy.0 = Debug|ARM
		{4C900FCE-6AAA-4B3E-8DF3-9BFE235CDB3B}.Debug|iPhone.ActiveCfg = Debug|x86
		{4C900FCE-6AAA-4B3E-8DF3-9BFE235CDB3B}.Debug|iPhoneSimulator.ActiveCfg = Debug|x86
		{4C900FCE-6AAA-4B3E-8DF3-9BFE235CDB3B}.Debug|x64.ActiveCfg = Debug|x64
		{4C900FCE-6AAA-4B3E-8DF3-9BFE235CDB3B}.Debug|x64.Build.0 = Debug|x64
		{4C900FCE-6AAA-4B3E-8DF3-9BFE235CDB3B}.Debug|x64.Deploy.0 = Debug|x64
		{4C900FCE-6AAA-4B3E-8DF3-9BFE235CDB3B}.Debug|x86.ActiveCfg = Debug|x86
		{4C900FCE-6AAA-4B3E-8DF3-9BFE235CDB3B}.Debug|x86.Build.0 = Debug|x86
		{4C900FCE-6AAA-4B3E-8DF3-9BFE235CDB3B}.Debug|x86.Deploy.0 = Debug|x86
		{4C900FCE-6AAA-4B3E-8DF3-9BFE235CDB3B}.Release|Any CPU.ActiveCfg = Release|x86
		{4C900FCE-6AAA-4B3E-8DF3-9BFE235CDB3B}.Release|ARM.ActiveCfg = Release|ARM
		{4C900FCE-6AAA-4B3E-8DF3-9BFE235CDB3B}.Release|ARM.Build.0 = Release|ARM
		{4C900FCE-6AAA-4B3E-8DF3-9BFE235CDB3B}.Release|ARM.Deploy.0 = Release|ARM
		{4C900FCE-6AAA-4B3E-8DF3-9BFE235CDB3B}.Release|iPhone.ActiveCfg = Release|x86
		{4C900FCE-6AAA-4B3E-8DF3-9BFE235CDB3B}.Release|iPhoneSimulator.ActiveCfg = Release|x86
		{4C900FCE-6AAA-4B3E-8DF3-9BFE235CDB3B}.Release|x64.ActiveCfg = Release|x64
		{4C900FCE-6AAA-4B3E-8DF3-9BFE235CDB3B}.Release|x64.Build.0 = Release|x64
		{4C900FCE-6AAA-4B3E-8DF3-9BFE235CDB3B}.Release|x64.Deploy.0 = Release|x64
		{4C900FCE-6AAA-4B3E-8DF3-9BFE235CDB3B}.Release|x86.ActiveCfg = Release|x86
		{4C900FCE-6AAA-4B3E-8DF3-9BFE235CDB3B}.Release|x86.Build.0 = Release|x86
		{4C900FCE-6AAA-4B3E-8DF3-9BFE235CDB3B}.Release|x86.Deploy.0 = Release|x86
		{F6D45CCA-0622-459D-A588-2DBBF3CA3CBF}.Ad-Hoc|Any CPU.ActiveCfg = Debug|Any CPU
		{F6D45CCA-0622-459D-A588-2DBBF3CA3CBF}.Ad-Hoc|Any CPU.Build.0 = Debug|Any CPU
		{F6D45CCA-0622-459D-A588-2DBBF3CA3CBF}.Ad-Hoc|ARM.ActiveCfg = Debug|Any CPU
		{F6D45CCA-0622-459D-A588-2DBBF3CA3CBF}.Ad-Hoc|ARM.Build.0 = Debug|Any CPU
		{F6D45CCA-0622-459D-A588-2DBBF3CA3CBF}.Ad-Hoc|iPhone.ActiveCfg = Debug|Any CPU
		{F6D45CCA-0622-459D-A588-2DBBF3CA3CBF}.Ad-Hoc|iPhone.Build.0 = Debug|Any CPU
		{F6D45CCA-0622-459D-A588-2DBBF3CA3CBF}.Ad-Hoc|iPhoneSimulator.ActiveCfg = Debug|Any CPU
		{F6D45CCA-0622-459D-A588-2DBBF3CA3CBF}.Ad-Hoc|iPhoneSimulator.Build.0 = Debug|Any CPU
		{F6D45CCA-0622-459D-A588-2DBBF3CA3CBF}.Ad-Hoc|x64.ActiveCfg = Debug|Any CPU
		{F6D45CCA-0622-459D-A588-2DBBF3CA3CBF}.Ad-Hoc|x64.Build.0 = Debug|Any CPU
		{F6D45CCA-0622-459D-A588-2DBBF3CA3CBF}.Ad-Hoc|x86.ActiveCfg = Debug|Any CPU
		{F6D45CCA-0622-459D-A588-2DBBF3CA3CBF}.Ad-Hoc|x86.Build.0 = Debug|Any CPU
		{F6D45CCA-0622-459D-A588-2DBBF3CA3CBF}.AppStore|Any CPU.ActiveCfg = Debug|Any CPU
		{F6D45CCA-0622-459D-A588-2DBBF3CA3CBF}.AppStore|Any CPU.Build.0 = Debug|Any CPU
		{F6D45CCA-0622-459D-A588-2DBBF3CA3CBF}.AppStore|ARM.ActiveCfg = Debug|Any CPU
		{F6D45CCA-0622-459D-A588-2DBBF3CA3CBF}.AppStore|ARM.Build.0 = Debug|Any CPU
		{F6D45CCA-0622-459D-A588-2DBBF3CA3CBF}.AppStore|iPhone.ActiveCfg = Debug|Any CPU
		{F6D45CCA-0622-459D-A588-2DBBF3CA3CBF}.AppStore|iPhone.Build.0 = Debug|Any CPU
		{F6D45CCA-0622-459D-A588-2DBBF3CA3CBF}.AppStore|iPhoneSimulator.ActiveCfg = Debug|Any CPU
		{F6D45CCA-0622-459D-A588-2DBBF3CA3CBF}.AppStore|iPhoneSimulator.Build.0 = Debug|Any CPU
		{F6D45CCA-0622-459D-A588-2DBBF3CA3CBF}.AppStore|x64.ActiveCfg = Debug|Any CPU
		{F6D45CCA-0622-459D-A588-2DBBF3CA3CBF}.AppStore|x64.Build.0 = Debug|Any CPU
		{F6D45CCA-0622-459D-A588-2DBBF3CA3CBF}.AppStore|x86.ActiveCfg = Debug|Any CPU
		{F6D45CCA-0622-459D-A588-2DBBF3CA3CBF}.AppStore|x86.Build.0 = Debug|Any CPU
		{F6D45CCA-0622-459D-A588-2DBBF3CA3CBF}.Debug|Any CPU.ActiveCfg = Debug|Any CPU
		{F6D45CCA-0622-459D-A588-2DBBF3CA3CBF}.Debug|Any CPU.Build.0 = Debug|Any CPU
		{F6D45CCA-0622-459D-A588-2DBBF3CA3CBF}.Debug|ARM.ActiveCfg = Debug|Any CPU
		{F6D45CCA-0622-459D-A588-2DBBF3CA3CBF}.Debug|ARM.Build.0 = Debug|Any CPU
		{F6D45CCA-0622-459D-A588-2DBBF3CA3CBF}.Debug|iPhone.ActiveCfg = Debug|Any CPU
		{F6D45CCA-0622-459D-A588-2DBBF3CA3CBF}.Debug|iPhone.Build.0 = Debug|Any CPU
		{F6D45CCA-0622-459D-A588-2DBBF3CA3CBF}.Debug|iPhoneSimulator.ActiveCfg = Debug|Any CPU
		{F6D45CCA-0622-459D-A588-2DBBF3CA3CBF}.Debug|iPhoneSimulator.Build.0 = Debug|Any CPU
		{F6D45CCA-0622-459D-A588-2DBBF3CA3CBF}.Debug|x64.ActiveCfg = Debug|Any CPU
		{F6D45CCA-0622-459D-A588-2DBBF3CA3CBF}.Debug|x64.Build.0 = Debug|Any CPU
		{F6D45CCA-0622-459D-A588-2DBBF3CA3CBF}.Debug|x86.ActiveCfg = Debug|Any CPU
		{F6D45CCA-0622-459D-A588-2DBBF3CA3CBF}.Debug|x86.Build.0 = Debug|Any CPU
		{F6D45CCA-0622-459D-A588-2DBBF3CA3CBF}.Release|Any CPU.ActiveCfg = Release|Any CPU
		{F6D45CCA-0622-459D-A588-2DBBF3CA3CBF}.Release|Any CPU.Build.0 = Release|Any CPU
		{F6D45CCA-0622-459D-A588-2DBBF3CA3CBF}.Release|ARM.ActiveCfg = Release|Any CPU
		{F6D45CCA-0622-459D-A588-2DBBF3CA3CBF}.Release|ARM.Build.0 = Release|Any CPU
		{F6D45CCA-0622-459D-A588-2DBBF3CA3CBF}.Release|iPhone.ActiveCfg = Release|Any CPU
		{F6D45CCA-0622-459D-A588-2DBBF3CA3CBF}.Release|iPhone.Build.0 = Release|Any CPU
		{F6D45CCA-0622-459D-A588-2DBBF3CA3CBF}.Release|iPhoneSimulator.ActiveCfg = Release|Any CPU
		{F6D45CCA-0622-459D-A588-2DBBF3CA3CBF}.Release|iPhoneSimulator.Build.0 = Release|Any CPU
		{F6D45CCA-0622-459D-A588-2DBBF3CA3CBF}.Release|x64.ActiveCfg = Release|Any CPU
		{F6D45CCA-0622-459D-A588-2DBBF3CA3CBF}.Release|x64.Build.0 = Release|Any CPU
		{F6D45CCA-0622-459D-A588-2DBBF3CA3CBF}.Release|x86.ActiveCfg = Release|Any CPU
		{F6D45CCA-0622-459D-A588-2DBBF3CA3CBF}.Release|x86.Build.0 = Release|Any CPU
	EndGlobalSection
	GlobalSection(SolutionProperties) = preSolution
		HideSolutionNode = FALSE
	EndGlobalSection
	GlobalSection(ExtensibilityGlobals) = postSolution
		SolutionGuid = {02E414F5-F709-47E6-B848-9A53CA478228}
	EndGlobalSection
EndGlobal
